
Microsoft Visual Studio Solution File, Format Version 12.00
# Visual Studio Version 17
VisualStudioVersion = 17.4.33122.133
MinimumVisualStudioVersion = 10.0.40219.1
Project("{FAE04EC0-301F-11D3-BF4B-00C04F79EFBC}") = "MVC SOFTWARE ARCH", "MVC SOFTWARE ARCH.csproj", "{2353EACE-5A25-493D-8A40-F570C6DFA966}"
EndProject
Global
	GlobalSection(SolutionConfigurationPlatforms) = preSolution
		Debug|Any CPU = Debug|Any CPU
		Release|Any CPU = Release|Any CPU
	EndGlobalSection
	GlobalSection(ProjectConfigurationPlatforms) = postSolution
		{2353EACE-5A25-493D-8A40-F570C6DFA966}.Debug|Any CPU.ActiveCfg = Debug|Any CPU
		{2353EACE-5A25-493D-8A40-F570C6DFA966}.Debug|Any CPU.Build.0 = Debug|Any CPU
		{2353EACE-5A25-493D-8A40-F570C6DFA966}.Release|Any CPU.ActiveCfg = Release|Any CPU
		{2353EACE-5A25-493D-8A40-F570C6DFA966}.Release|Any CPU.Build.0 = Release|Any CPU
	EndGlobalSection
	GlobalSection(SolutionProperties) = preSolution
		HideSolutionNode = FALSE
	EndGlobalSection
	GlobalSection(ExtensibilityGlobals) = postSolution
		SolutionGuid = {B72B9D33-F79A-4FA0-96C9-D24B5D2F5DED}
	EndGlobalSection
EndGlobal
